
Microsoft Visual Studio Solution File, Format Version 11.00
# Visual Studio 2010
Project("{FAE04EC0-301F-11D3-BF4B-00C04F79EFBC}") = "PlayMode", "PlayMode.csproj", "{94a5e3d7-0787-dc44-ec99-8dcb734d1b33}"
EndProject
Project("{FAE04EC0-301F-11D3-BF4B-00C04F79EFBC}") = "Scripts", "Scripts.csproj", "{42680986-6749-26ef-0bc0-af1f3c08f131}"
EndProject
Project("{FAE04EC0-301F-11D3-BF4B-00C04F79EFBC}") = "EditMode", "EditMode.csproj", "{db2f8335-2999-2cd7-462b-d1151aca3a70}"
EndProject
Project("{FAE04EC0-301F-11D3-BF4B-00C04F79EFBC}") = "Assembly-CSharp", "Assembly-CSharp.csproj", "{800386c5-eef2-b380-61cf-031b5ac75d94}"
EndProject
Global
	GlobalSection(SolutionConfigurationPlatforms) = preSolution
		Debug|Any CPU = Debug|Any CPU
	EndGlobalSection
	GlobalSection(ProjectConfigurationPlatforms) = postSolution
		{94a5e3d7-0787-dc44-ec99-8dcb734d1b33}.Debug|Any CPU.ActiveCfg = Debug|Any CPU
		{94a5e3d7-0787-dc44-ec99-8dcb734d1b33}.Debug|Any CPU.Build.0 = Debug|Any CPU
		{42680986-6749-26ef-0bc0-af1f3c08f131}.Debug|Any CPU.ActiveCfg = Debug|Any CPU
		{42680986-6749-26ef-0bc0-af1f3c08f131}.Debug|Any CPU.Build.0 = Debug|Any CPU
		{db2f8335-2999-2cd7-462b-d1151aca3a70}.Debug|Any CPU.ActiveCfg = Debug|Any CPU
		{db2f8335-2999-2cd7-462b-d1151aca3a70}.Debug|Any CPU.Build.0 = Debug|Any CPU
		{800386c5-eef2-b380-61cf-031b5ac75d94}.Debug|Any CPU.ActiveCfg = Debug|Any CPU
		{800386c5-eef2-b380-61cf-031b5ac75d94}.Debug|Any CPU.Build.0 = Debug|Any CPU
	EndGlobalSection
	GlobalSection(SolutionProperties) = preSolution
		HideSolutionNode = FALSE
	EndGlobalSection
EndGlobal
