
Microsoft Visual Studio Solution File, Format Version 12.00
# Visual Studio Version 17
VisualStudioVersion = 17.7.34221.43
MinimumVisualStudioVersion = 10.0.40219.1
Project("{FAE04EC0-301F-11D3-BF4B-00C04F79EFBC}") = "CodingConventions", "CodingConventions\CodingConventions.csproj", "{91773207-7C8B-4448-8257-61DDB268BF28}"
EndProject
Global
	GlobalSection(SolutionConfigurationPlatforms) = preSolution
		Debug|Any CPU = Debug|Any CPU
		Release|Any CPU = Release|Any CPU
	EndGlobalSection
	GlobalSection(ProjectConfigurationPlatforms) = postSolution
		{91773207-7C8B-4448-8257-61DDB268BF28}.Debug|Any CPU.ActiveCfg = Debug|Any CPU
		{91773207-7C8B-4448-8257-61DDB268BF28}.Debug|Any CPU.Build.0 = Debug|Any CPU
		{91773207-7C8B-4448-8257-61DDB268BF28}.Release|Any CPU.ActiveCfg = Release|Any CPU
		{91773207-7C8B-4448-8257-61DDB268BF28}.Release|Any CPU.Build.0 = Release|Any CPU
	EndGlobalSection
	GlobalSection(SolutionProperties) = preSolution
		HideSolutionNode = FALSE
	EndGlobalSection
	GlobalSection(ExtensibilityGlobals) = postSolution
		SolutionGuid = {2E819752-63E4-4077-BD43-5FB3E251812E}
	EndGlobalSection
EndGlobal
