
Microsoft Visual Studio Solution File, Format Version 11.00
# Visual Studio 2010
Project("{FAE04EC0-301F-11D3-BF4B-00C04F79EFBC}") = "Assembly-CSharp", "Assembly-CSharp.csproj", "{9b0431ef-397f-5c0f-6e9f-426d681b2b8e}"
EndProject
Project("{FAE04EC0-301F-11D3-BF4B-00C04F79EFBC}") = "Assembly-CSharp-Editor", "Assembly-CSharp-Editor.csproj", "{36bc9794-2db5-c871-76bb-a514f225420c}"
EndProject
Global
	GlobalSection(SolutionConfigurationPlatforms) = preSolution
		Debug|Any CPU = Debug|Any CPU
	EndGlobalSection
	GlobalSection(ProjectConfigurationPlatforms) = postSolution
		{9b0431ef-397f-5c0f-6e9f-426d681b2b8e}.Debug|Any CPU.ActiveCfg = Debug|Any CPU
		{9b0431ef-397f-5c0f-6e9f-426d681b2b8e}.Debug|Any CPU.Build.0 = Debug|Any CPU
		{36bc9794-2db5-c871-76bb-a514f225420c}.Debug|Any CPU.ActiveCfg = Debug|Any CPU
		{36bc9794-2db5-c871-76bb-a514f225420c}.Debug|Any CPU.Build.0 = Debug|Any CPU
	EndGlobalSection
	GlobalSection(SolutionProperties) = preSolution
		HideSolutionNode = FALSE
	EndGlobalSection
EndGlobal
